
Microsoft Visual Studio Solution File, Format Version 11.00
# Visual Studio 2010
Project("{8BC9CEB8-8B4A-11D0-8D11-00A0C91BC942}") = "OpenCV_Helloworld", "OpenCV_Helloworld\OpenCV_Helloworld.vcxproj", "{B9413ABD-C7FB-4961-A9B4-3EA67D632DBB}"
EndProject
Global
	GlobalSection(SolutionConfigurationPlatforms) = preSolution
		Debug|Win32 = Debug|Win32
		Release|Win32 = Release|Win32
	EndGlobalSection
	GlobalSection(ProjectConfigurationPlatforms) = postSolution
		{B9413ABD-C7FB-4961-A9B4-3EA67D632DBB}.Debug|Win32.ActiveCfg = Debug|Win32
		{B9413ABD-C7FB-4961-A9B4-3EA67D632DBB}.Debug|Win32.Build.0 = Debug|Win32
		{B9413ABD-C7FB-4961-A9B4-3EA67D632DBB}.Release|Win32.ActiveCfg = Release|Win32
		{B9413ABD-C7FB-4961-A9B4-3EA67D632DBB}.Release|Win32.Build.0 = Release|Win32
	EndGlobalSection
	GlobalSection(SolutionProperties) = preSolution
		HideSolutionNode = FALSE
	EndGlobalSection
EndGlobal
